
Microsoft Visual Studio Solution File, Format Version 12.00
# Visual Studio Version 17
VisualStudioVersion = 17.0.31919.166
MinimumVisualStudioVersion = 10.0.40219.1
Project("{FAE04EC0-301F-11D3-BF4B-00C04F79EFBC}") = "ReflectionPerformance", "ReflectionPerformance\ReflectionPerformance.csproj", "{33D4FDFB-D04C-40DC-9E1A-55F4510A9364}"
EndProject
Global
	GlobalSection(SolutionConfigurationPlatforms) = preSolution
		Debug|Any CPU = Debug|Any CPU
		Release|Any CPU = Release|Any CPU
	EndGlobalSection
	GlobalSection(ProjectConfigurationPlatforms) = postSolution
		{33D4FDFB-D04C-40DC-9E1A-55F4510A9364}.Debug|Any CPU.ActiveCfg = Debug|Any CPU
		{33D4FDFB-D04C-40DC-9E1A-55F4510A9364}.Debug|Any CPU.Build.0 = Debug|Any CPU
		{33D4FDFB-D04C-40DC-9E1A-55F4510A9364}.Release|Any CPU.ActiveCfg = Release|Any CPU
		{33D4FDFB-D04C-40DC-9E1A-55F4510A9364}.Release|Any CPU.Build.0 = Release|Any CPU
	EndGlobalSection
	GlobalSection(SolutionProperties) = preSolution
		HideSolutionNode = FALSE
	EndGlobalSection
	GlobalSection(ExtensibilityGlobals) = postSolution
		SolutionGuid = {372A1521-BF0D-41C0-9A95-A5D0D04B3C74}
	EndGlobalSection
EndGlobal
